
Microsoft Visual Studio Solution File, Format Version 12.00
# Visual Studio 15
VisualStudioVersion = 15.0.28307.168
MinimumVisualStudioVersion = 10.0.40219.1
Project("{FAE04EC0-301F-11D3-BF4B-00C04F79EFBC}") = "ASP_NET_MVC_Q6", "ASP_NET_MVC_Q6\ASP_NET_MVC_Q6.csproj", "{EF74D36C-67F2-4BDB-8EEA-642064220883}"
EndProject
Global
	GlobalSection(SolutionConfigurationPlatforms) = preSolution
		Debug|Any CPU = Debug|Any CPU
		Release|Any CPU = Release|Any CPU
	EndGlobalSection
	GlobalSection(ProjectConfigurationPlatforms) = postSolution
		{EF74D36C-67F2-4BDB-8EEA-642064220883}.Debug|Any CPU.ActiveCfg = Debug|Any CPU
		{EF74D36C-67F2-4BDB-8EEA-642064220883}.Debug|Any CPU.Build.0 = Debug|Any CPU
		{EF74D36C-67F2-4BDB-8EEA-642064220883}.Release|Any CPU.ActiveCfg = Release|Any CPU
		{EF74D36C-67F2-4BDB-8EEA-642064220883}.Release|Any CPU.Build.0 = Release|Any CPU
	EndGlobalSection
	GlobalSection(SolutionProperties) = preSolution
		HideSolutionNode = FALSE
	EndGlobalSection
	GlobalSection(ExtensibilityGlobals) = postSolution
		SolutionGuid = {AAF4480D-F273-4A5C-8D7D-E5CEDCC12F12}
	EndGlobalSection
EndGlobal
